
Microsoft Visual Studio Solution File, Format Version 12.00
# Visual Studio 15
VisualStudioVersion = 15.0.28010.2048
MinimumVisualStudioVersion = 10.0.40219.1
Project("{FAE04EC0-301F-11D3-BF4B-00C04F79EFBC}") = "pianoUpdateS0nnyhu", "pianoUpdateS0nnyhu\pianoUpdateS0nnyhu.csproj", "{0A8BE8E3-4941-4B50-9F22-960EC6B1C4BB}"
EndProject
Global
	GlobalSection(SolutionConfigurationPlatforms) = preSolution
		Debug|Any CPU = Debug|Any CPU
		Release|Any CPU = Release|Any CPU
	EndGlobalSection
	GlobalSection(ProjectConfigurationPlatforms) = postSolution
		{0A8BE8E3-4941-4B50-9F22-960EC6B1C4BB}.Debug|Any CPU.ActiveCfg = Debug|Any CPU
		{0A8BE8E3-4941-4B50-9F22-960EC6B1C4BB}.Debug|Any CPU.Build.0 = Debug|Any CPU
		{0A8BE8E3-4941-4B50-9F22-960EC6B1C4BB}.Release|Any CPU.ActiveCfg = Release|Any CPU
		{0A8BE8E3-4941-4B50-9F22-960EC6B1C4BB}.Release|Any CPU.Build.0 = Release|Any CPU
	EndGlobalSection
	GlobalSection(SolutionProperties) = preSolution
		HideSolutionNode = FALSE
	EndGlobalSection
	GlobalSection(ExtensibilityGlobals) = postSolution
		SolutionGuid = {D47E4897-357A-4FAD-9318-1BB7A3A69A11}
	EndGlobalSection
EndGlobal
